
Microsoft Visual Studio Solution File, Format Version 12.00
# Visual Studio Version 17
VisualStudioVersion = 17.10.35122.118
MinimumVisualStudioVersion = 10.0.40219.1
Project("{FAE04EC0-301F-11D3-BF4B-00C04F79EFBC}") = "Task-IndexerDataStructure", "Task-IndexerDataStructure\Task-IndexerDataStructure.csproj", "{967E1B60-37BF-4FA6-A515-31160FA6A084}"
EndProject
Global
	GlobalSection(SolutionConfigurationPlatforms) = preSolution
		Debug|Any CPU = Debug|Any CPU
		Release|Any CPU = Release|Any CPU
	EndGlobalSection
	GlobalSection(ProjectConfigurationPlatforms) = postSolution
		{967E1B60-37BF-4FA6-A515-31160FA6A084}.Debug|Any CPU.ActiveCfg = Debug|Any CPU
		{967E1B60-37BF-4FA6-A515-31160FA6A084}.Debug|Any CPU.Build.0 = Debug|Any CPU
		{967E1B60-37BF-4FA6-A515-31160FA6A084}.Release|Any CPU.ActiveCfg = Release|Any CPU
		{967E1B60-37BF-4FA6-A515-31160FA6A084}.Release|Any CPU.Build.0 = Release|Any CPU
	EndGlobalSection
	GlobalSection(SolutionProperties) = preSolution
		HideSolutionNode = FALSE
	EndGlobalSection
	GlobalSection(ExtensibilityGlobals) = postSolution
		SolutionGuid = {23C153E5-C5A9-4FE8-A0FC-18068F6E2349}
	EndGlobalSection
EndGlobal
